
Microsoft Visual Studio Solution File, Format Version 12.00
# Visual Studio 14
VisualStudioVersion = 14.0.25123.0
MinimumVisualStudioVersion = 10.0.40219.1
Project("{FAE04EC0-301F-11D3-BF4B-00C04F79EFBC}") = "Tracker", "Tracker\Tracker.csproj", "{211234FF-B964-45F9-8CB7-A6CF2B147F37}"
EndProject
Project("{FAE04EC0-301F-11D3-BF4B-00C04F79EFBC}") = "TrackerDB", "TrackerDB\TrackerDB.csproj", "{BE6881C9-7729-42E7-B20C-7A14C50F2E40}"
EndProject
Project("{FAE04EC0-301F-11D3-BF4B-00C04F79EFBC}") = "TrackerRepository", "TrackerRepository\TrackerRepository.csproj", "{0F1F86E0-48A7-42BD-864F-671239F01878}"
EndProject
Global
	GlobalSection(SolutionConfigurationPlatforms) = preSolution
		Debug|Any CPU = Debug|Any CPU
		Release|Any CPU = Release|Any CPU
	EndGlobalSection
	GlobalSection(ProjectConfigurationPlatforms) = postSolution
		{211234FF-B964-45F9-8CB7-A6CF2B147F37}.Debug|Any CPU.ActiveCfg = Debug|Any CPU
		{211234FF-B964-45F9-8CB7-A6CF2B147F37}.Debug|Any CPU.Build.0 = Debug|Any CPU
		{211234FF-B964-45F9-8CB7-A6CF2B147F37}.Release|Any CPU.ActiveCfg = Release|Any CPU
		{211234FF-B964-45F9-8CB7-A6CF2B147F37}.Release|Any CPU.Build.0 = Release|Any CPU
		{BE6881C9-7729-42E7-B20C-7A14C50F2E40}.Debug|Any CPU.ActiveCfg = Debug|Any CPU
		{BE6881C9-7729-42E7-B20C-7A14C50F2E40}.Debug|Any CPU.Build.0 = Debug|Any CPU
		{BE6881C9-7729-42E7-B20C-7A14C50F2E40}.Release|Any CPU.ActiveCfg = Release|Any CPU
		{BE6881C9-7729-42E7-B20C-7A14C50F2E40}.Release|Any CPU.Build.0 = Release|Any CPU
		{0F1F86E0-48A7-42BD-864F-671239F01878}.Debug|Any CPU.ActiveCfg = Debug|Any CPU
		{0F1F86E0-48A7-42BD-864F-671239F01878}.Debug|Any CPU.Build.0 = Debug|Any CPU
		{0F1F86E0-48A7-42BD-864F-671239F01878}.Release|Any CPU.ActiveCfg = Release|Any CPU
		{0F1F86E0-48A7-42BD-864F-671239F01878}.Release|Any CPU.Build.0 = Release|Any CPU
	EndGlobalSection
	GlobalSection(SolutionProperties) = preSolution
		HideSolutionNode = FALSE
	EndGlobalSection
EndGlobal
